# This file is automatically @generated by Cargo.
# It is not intended for manual editing.
version = 3

[[package]]
name = "war3-archive"
version = "0.0.2"
dependencies = [
 "war3-core",
]

[[package]]
name = "war3-cli"
version = "0.0.2"
dependencies = [
 "war3-archive",
 "war3-core",
 "war3-map",
 "war3-meta",
 "war3-terrain",
]

[[package]]
name = "war3-core"
version = "0.0.2"

[[package]]
name = "war3-map"
version = "0.0.2"
dependencies = [
 "war3-archive",
 "war3-core",
 "war3-terrain",
]

[[package]]
name = "war3-meta"
version = "0.0.2"
dependencies = [
 "war3-core",
 "war3-terrain",
]

[[package]]
name = "war3-terrain"
version = "0.0.2"
dependencies = [
 "war3-core",
]
