# This file is automatically @generated by Cargo.
# It is not intended for manual editing.
version = 3

[[package]]
name = "war3-archive"
version = "0.0.6"
dependencies = [
 "war3-core",
]

[[package]]
name = "war3-cli"
version = "0.0.6"
dependencies = [
 "war3-archive",
 "war3-core",
 "war3-game",
 "war3-map",
 "war3-meta",
 "war3-object",
 "war3-project",
 "war3-terrain",
]

[[package]]
name = "war3-core"
version = "0.0.6"

[[package]]
name = "war3-game"
version = "0.0.6"
dependencies = [
 "war3-archive",
 "war3-core",
 "war3-meta",
]

[[package]]
name = "war3-map"
version = "0.0.6"
dependencies = [
 "war3-archive",
 "war3-core",
 "war3-terrain",
]

[[package]]
name = "war3-meta"
version = "0.0.6"
dependencies = [
 "war3-core",
 "war3-terrain",
]

[[package]]
name = "war3-object"
version = "0.0.6"
dependencies = [
 "war3-archive",
 "war3-core",
 "war3-map",
 "war3-meta",
]

[[package]]
name = "war3-project"
version = "0.0.6"
dependencies = [
 "war3-archive",
 "war3-core",
 "war3-map",
 "war3-object",
]

[[package]]
name = "war3-terrain"
version = "0.0.6"
dependencies = [
 "war3-core",
]
